
Microsoft Visual Studio Solution File, Format Version 12.00
# Visual Studio Version 16
VisualStudioVersion = 16.0.28721.148
MinimumVisualStudioVersion = 10.0.40219.1
Project("{FAE04EC0-301F-11D3-BF4B-00C04F79EFBC}") = "metno", "metno\metno.csproj", "{48F29AB0-74B0-4324-8A73-9F89DA56B82D}"
EndProject
Project("{FAE04EC0-301F-11D3-BF4B-00C04F79EFBC}") = "metno.UI", "metno.UI\metno.UI.csproj", "{00701F50-B14C-4A98-9069-1F54C9700505}"
EndProject
Project("{FAE04EC0-301F-11D3-BF4B-00C04F79EFBC}") = "metno.Test.Unit", "metno.Test.Unit\metno.Test.Unit.csproj", "{09EDC0CE-5D00-40E2-978E-D886FD9D1FA3}"
EndProject
Global
	GlobalSection(SolutionConfigurationPlatforms) = preSolution
		Debug|Any CPU = Debug|Any CPU
		Release|Any CPU = Release|Any CPU
	EndGlobalSection
	GlobalSection(ProjectConfigurationPlatforms) = postSolution
		{48F29AB0-74B0-4324-8A73-9F89DA56B82D}.Debug|Any CPU.ActiveCfg = Debug|Any CPU
		{48F29AB0-74B0-4324-8A73-9F89DA56B82D}.Debug|Any CPU.Build.0 = Debug|Any CPU
		{48F29AB0-74B0-4324-8A73-9F89DA56B82D}.Release|Any CPU.ActiveCfg = Release|Any CPU
		{48F29AB0-74B0-4324-8A73-9F89DA56B82D}.Release|Any CPU.Build.0 = Release|Any CPU
		{00701F50-B14C-4A98-9069-1F54C9700505}.Debug|Any CPU.ActiveCfg = Debug|Any CPU
		{00701F50-B14C-4A98-9069-1F54C9700505}.Debug|Any CPU.Build.0 = Debug|Any CPU
		{00701F50-B14C-4A98-9069-1F54C9700505}.Release|Any CPU.ActiveCfg = Release|Any CPU
		{00701F50-B14C-4A98-9069-1F54C9700505}.Release|Any CPU.Build.0 = Release|Any CPU
		{09EDC0CE-5D00-40E2-978E-D886FD9D1FA3}.Debug|Any CPU.ActiveCfg = Debug|Any CPU
		{09EDC0CE-5D00-40E2-978E-D886FD9D1FA3}.Debug|Any CPU.Build.0 = Debug|Any CPU
		{09EDC0CE-5D00-40E2-978E-D886FD9D1FA3}.Release|Any CPU.ActiveCfg = Release|Any CPU
		{09EDC0CE-5D00-40E2-978E-D886FD9D1FA3}.Release|Any CPU.Build.0 = Release|Any CPU
	EndGlobalSection
	GlobalSection(SolutionProperties) = preSolution
		HideSolutionNode = FALSE
	EndGlobalSection
	GlobalSection(ExtensibilityGlobals) = postSolution
		SolutionGuid = {2A6594CD-3E20-4C5C-8FCC-9D9305375D76}
	EndGlobalSection
EndGlobal
